
Microsoft Visual Studio Solution File, Format Version 12.00
# Visual Studio Version 17
VisualStudioVersion = 17.2.32526.322
MinimumVisualStudioVersion = 10.0.40219.1
Project("{FAE04EC0-301F-11D3-BF4B-00C04F79EFBC}") = "DotNet.FunctionalExtensions", "DotNet.FunctionalExtensions\DotNet.FunctionalExtensions.csproj", "{78980310-B328-46DA-B476-EE85E82F505B}"
EndProject
Global
	GlobalSection(SolutionConfigurationPlatforms) = preSolution
		Debug|Any CPU = Debug|Any CPU
		Release|Any CPU = Release|Any CPU
	EndGlobalSection
	GlobalSection(ProjectConfigurationPlatforms) = postSolution
		{78980310-B328-46DA-B476-EE85E82F505B}.Debug|Any CPU.ActiveCfg = Debug|Any CPU
		{78980310-B328-46DA-B476-EE85E82F505B}.Debug|Any CPU.Build.0 = Debug|Any CPU
		{78980310-B328-46DA-B476-EE85E82F505B}.Release|Any CPU.ActiveCfg = Release|Any CPU
		{78980310-B328-46DA-B476-EE85E82F505B}.Release|Any CPU.Build.0 = Release|Any CPU
	EndGlobalSection
	GlobalSection(SolutionProperties) = preSolution
		HideSolutionNode = FALSE
	EndGlobalSection
	GlobalSection(ExtensibilityGlobals) = postSolution
		SolutionGuid = {D7502857-ED51-4E78-9A7C-32DF908A471F}
	EndGlobalSection
EndGlobal
